
Microsoft Visual Studio Solution File, Format Version 12.00
# Visual Studio 15
VisualStudioVersion = 15.0.26730.12
MinimumVisualStudioVersion = 10.0.40219.1
Project("{FAE04EC0-301F-11D3-BF4B-00C04F79EFBC}") = "calculadora.Android", "calculadora\calculadora.Android\calculadora.Android.csproj", "{20032FF2-CB42-4EA8-89F2-D2FD179B6703}"
EndProject
Project("{FAE04EC0-301F-11D3-BF4B-00C04F79EFBC}") = "calculadora", "calculadora\calculadora\calculadora.csproj", "{AEF31661-37D9-44CA-862D-3FEA4296D4AC}"
EndProject
Project("{FAE04EC0-301F-11D3-BF4B-00C04F79EFBC}") = "calculadora.UWP", "calculadora\calculadora.UWP\calculadora.UWP.csproj", "{6ACEB59F-3197-49DC-B2D0-A317DE64FE07}"
EndProject
Project("{FAE04EC0-301F-11D3-BF4B-00C04F79EFBC}") = "calculadora.iOS", "calculadora\calculadora.iOS\calculadora.iOS.csproj", "{BFE10300-788F-46B1-A707-4CD725A8682D}"
EndProject
Global
	GlobalSection(SolutionConfigurationPlatforms) = preSolution
		Ad-Hoc|Any CPU = Ad-Hoc|Any CPU
		Ad-Hoc|ARM = Ad-Hoc|ARM
		Ad-Hoc|iPhone = Ad-Hoc|iPhone
		Ad-Hoc|iPhoneSimulator = Ad-Hoc|iPhoneSimulator
		Ad-Hoc|x64 = Ad-Hoc|x64
		Ad-Hoc|x86 = Ad-Hoc|x86
		AppStore|Any CPU = AppStore|Any CPU
		AppStore|ARM = AppStore|ARM
		AppStore|iPhone = AppStore|iPhone
		AppStore|iPhoneSimulator = AppStore|iPhoneSimulator
		AppStore|x64 = AppStore|x64
		AppStore|x86 = AppStore|x86
		Debug|Any CPU = Debug|Any CPU
		Debug|ARM = Debug|ARM
		Debug|iPhone = Debug|iPhone
		Debug|iPhoneSimulator = Debug|iPhoneSimulator
		Debug|x64 = Debug|x64
		Debug|x86 = Debug|x86
		Release|Any CPU = Release|Any CPU
		Release|ARM = Release|ARM
		Release|iPhone = Release|iPhone
		Release|iPhoneSimulator = Release|iPhoneSimulator
		Release|x64 = Release|x64
		Release|x86 = Release|x86
	EndGlobalSection
	GlobalSection(ProjectConfigurationPlatforms) = postSolution
		{20032FF2-CB42-4EA8-89F2-D2FD179B6703}.Ad-Hoc|Any CPU.ActiveCfg = Release|Any CPU
		{20032FF2-CB42-4EA8-89F2-D2FD179B6703}.Ad-Hoc|Any CPU.Build.0 = Release|Any CPU
		{20032FF2-CB42-4EA8-89F2-D2FD179B6703}.Ad-Hoc|Any CPU.Deploy.0 = Release|Any CPU
		{20032FF2-CB42-4EA8-89F2-D2FD179B6703}.Ad-Hoc|ARM.ActiveCfg = Release|Any CPU
		{20032FF2-CB42-4EA8-89F2-D2FD179B6703}.Ad-Hoc|ARM.Build.0 = Release|Any CPU
		{20032FF2-CB42-4EA8-89F2-D2FD179B6703}.Ad-Hoc|ARM.Deploy.0 = Release|Any CPU
		{20032FF2-CB42-4EA8-89F2-D2FD179B6703}.Ad-Hoc|iPhone.ActiveCfg = Release|Any CPU
		{20032FF2-CB42-4EA8-89F2-D2FD179B6703}.Ad-Hoc|iPhone.Build.0 = Release|Any CPU
		{20032FF2-CB42-4EA8-89F2-D2FD179B6703}.Ad-Hoc|iPhone.Deploy.0 = Release|Any CPU
		{20032FF2-CB42-4EA8-89F2-D2FD179B6703}.Ad-Hoc|iPhoneSimulator.ActiveCfg = Release|Any CPU
		{20032FF2-CB42-4EA8-89F2-D2FD179B6703}.Ad-Hoc|iPhoneSimulator.Build.0 = Release|Any CPU
		{20032FF2-CB42-4EA8-89F2-D2FD179B6703}.Ad-Hoc|iPhoneSimulator.Deploy.0 = Release|Any CPU
		{20032FF2-CB42-4EA8-89F2-D2FD179B6703}.Ad-Hoc|x64.ActiveCfg = Release|Any CPU
		{20032FF2-CB42-4EA8-89F2-D2FD179B6703}.Ad-Hoc|x64.Build.0 = Release|Any CPU
		{20032FF2-CB42-4EA8-89F2-D2FD179B6703}.Ad-Hoc|x64.Deploy.0 = Release|Any CPU
		{20032FF2-CB42-4EA8-89F2-D2FD179B6703}.Ad-Hoc|x86.ActiveCfg = Release|Any CPU
		{20032FF2-CB42-4EA8-89F2-D2FD179B6703}.Ad-Hoc|x86.Build.0 = Release|Any CPU
		{20032FF2-CB42-4EA8-89F2-D2FD179B6703}.Ad-Hoc|x86.Deploy.0 = Release|Any CPU
		{20032FF2-CB42-4EA8-89F2-D2FD179B6703}.AppStore|Any CPU.ActiveCfg = Release|Any CPU
		{20032FF2-CB42-4EA8-89F2-D2FD179B6703}.AppStore|Any CPU.Build.0 = Release|Any CPU
		{20032FF2-CB42-4EA8-89F2-D2FD179B6703}.AppStore|Any CPU.Deploy.0 = Release|Any CPU
		{20032FF2-CB42-4EA8-89F2-D2FD179B6703}.AppStore|ARM.ActiveCfg = Release|Any CPU
		{20032FF2-CB42-4EA8-89F2-D2FD179B6703}.AppStore|ARM.Build.0 = Release|Any CPU
		{20032FF2-CB42-4EA8-89F2-D2FD179B6703}.AppStore|ARM.Deploy.0 = Release|Any CPU
		{20032FF2-CB42-4EA8-89F2-D2FD179B6703}.AppStore|iPhone.ActiveCfg = Release|Any CPU
		{20032FF2-CB42-4EA8-89F2-D2FD179B6703}.AppStore|iPhone.Build.0 = Release|Any CPU
		{20032FF2-CB42-4EA8-89F2-D2FD179B6703}.AppStore|iPhone.Deploy.0 = Release|Any CPU
		{20032FF2-CB42-4EA8-89F2-D2FD179B6703}.AppStore|iPhoneSimulator.ActiveCfg = Release|Any CPU
		{20032FF2-CB42-4EA8-89F2-D2FD179B6703}.AppStore|iPhoneSimulator.Build.0 = Release|Any CPU
		{20032FF2-CB42-4EA8-89F2-D2FD179B6703}.AppStore|iPhoneSimulator.Deploy.0 = Release|Any CPU
		{20032FF2-CB42-4EA8-89F2-D2FD179B6703}.AppStore|x64.ActiveCfg = Release|Any CPU
		{20032FF2-CB42-4EA8-89F2-D2FD179B6703}.AppStore|x64.Build.0 = Release|Any CPU
		{20032FF2-CB42-4EA8-89F2-D2FD179B6703}.AppStore|x64.Deploy.0 = Release|Any CPU
		{20032FF2-CB42-4EA8-89F2-D2FD179B6703}.AppStore|x86.ActiveCfg = Release|Any CPU
		{20032FF2-CB42-4EA8-89F2-D2FD179B6703}.AppStore|x86.Build.0 = Release|Any CPU
		{20032FF2-CB42-4EA8-89F2-D2FD179B6703}.AppStore|x86.Deploy.0 = Release|Any CPU
		{20032FF2-CB42-4EA8-89F2-D2FD179B6703}.Debug|Any CPU.ActiveCfg = Debug|Any CPU
		{20032FF2-CB42-4EA8-89F2-D2FD179B6703}.Debug|Any CPU.Build.0 = Debug|Any CPU
		{20032FF2-CB42-4EA8-89F2-D2FD179B6703}.Debug|Any CPU.Deploy.0 = Debug|Any CPU
		{20032FF2-CB42-4EA8-89F2-D2FD179B6703}.Debug|ARM.ActiveCfg = Debug|Any CPU
		{20032FF2-CB42-4EA8-89F2-D2FD179B6703}.Debug|ARM.Build.0 = Debug|Any CPU
		{20032FF2-CB42-4EA8-89F2-D2FD179B6703}.Debug|ARM.Deploy.0 = Debug|Any CPU
		{20032FF2-CB42-4EA8-89F2-D2FD179B6703}.Debug|iPhone.ActiveCfg = Debug|Any CPU
		{20032FF2-CB42-4EA8-89F2-D2FD179B6703}.Debug|iPhone.Build.0 = Debug|Any CPU
		{20032FF2-CB42-4EA8-89F2-D2FD179B6703}.Debug|iPhone.Deploy.0 = Debug|Any CPU
		{20032FF2-CB42-4EA8-89F2-D2FD179B6703}.Debug|iPhoneSimulator.ActiveCfg = Debug|Any CPU
		{20032FF2-CB42-4EA8-89F2-D2FD179B6703}.Debug|iPhoneSimulator.Build.0 = Debug|Any CPU
		{20032FF2-CB42-4EA8-89F2-D2FD179B6703}.Debug|iPhoneSimulator.Deploy.0 = Debug|Any CPU
		{20032FF2-CB42-4EA8-89F2-D2FD179B6703}.Debug|x64.ActiveCfg = Debug|Any CPU
		{20032FF2-CB42-4EA8-89F2-D2FD179B6703}.Debug|x64.Build.0 = Debug|Any CPU
		{20032FF2-CB42-4EA8-89F2-D2FD179B6703}.Debug|x64.Deploy.0 = Debug|Any CPU
		{20032FF2-CB42-4EA8-89F2-D2FD179B6703}.Debug|x86.ActiveCfg = Debug|Any CPU
		{20032FF2-CB42-4EA8-89F2-D2FD179B6703}.Debug|x86.Build.0 = Debug|Any CPU
		{20032FF2-CB42-4EA8-89F2-D2FD179B6703}.Debug|x86.Deploy.0 = Debug|Any CPU
		{20032FF2-CB42-4EA8-89F2-D2FD179B6703}.Release|Any CPU.ActiveCfg = Release|Any CPU
		{20032FF2-CB42-4EA8-89F2-D2FD179B6703}.Release|Any CPU.Build.0 = Release|Any CPU
		{20032FF2-CB42-4EA8-89F2-D2FD179B6703}.Release|Any CPU.Deploy.0 = Release|Any CPU
		{20032FF2-CB42-4EA8-89F2-D2FD179B6703}.Release|ARM.ActiveCfg = Release|Any CPU
		{20032FF2-CB42-4EA8-89F2-D2FD179B6703}.Release|ARM.Build.0 = Release|Any CPU
		{20032FF2-CB42-4EA8-89F2-D2FD179B6703}.Release|ARM.Deploy.0 = Release|Any CPU
		{20032FF2-CB42-4EA8-89F2-D2FD179B6703}.Release|iPhone.ActiveCfg = Release|Any CPU
		{20032FF2-CB42-4EA8-89F2-D2FD179B6703}.Release|iPhone.Build.0 = Release|Any CPU
		{20032FF2-CB42-4EA8-89F2-D2FD179B6703}.Release|iPhone.Deploy.0 = Release|Any CPU
		{20032FF2-CB42-4EA8-89F2-D2FD179B6703}.Release|iPhoneSimulator.ActiveCfg = Release|Any CPU
		{20032FF2-CB42-4EA8-89F2-D2FD179B6703}.Release|iPhoneSimulator.Build.0 = Release|Any CPU
		{20032FF2-CB42-4EA8-89F2-D2FD179B6703}.Release|iPhoneSimulator.Deploy.0 = Release|Any CPU
		{20032FF2-CB42-4EA8-89F2-D2FD179B6703}.Release|x64.ActiveCfg = Release|Any CPU
		{20032FF2-CB42-4EA8-89F2-D2FD179B6703}.Release|x64.Build.0 = Release|Any CPU
		{20032FF2-CB42-4EA8-89F2-D2FD179B6703}.Release|x64.Deploy.0 = Release|Any CPU
		{20032FF2-CB42-4EA8-89F2-D2FD179B6703}.Release|x86.ActiveCfg = Release|Any CPU
		{20032FF2-CB42-4EA8-89F2-D2FD179B6703}.Release|x86.Build.0 = Release|Any CPU
		{20032FF2-CB42-4EA8-89F2-D2FD179B6703}.Release|x86.Deploy.0 = Release|Any CPU
		{AEF31661-37D9-44CA-862D-3FEA4296D4AC}.Ad-Hoc|Any CPU.ActiveCfg = Release|Any CPU
		{AEF31661-37D9-44CA-862D-3FEA4296D4AC}.Ad-Hoc|Any CPU.Build.0 = Release|Any CPU
		{AEF31661-37D9-44CA-862D-3FEA4296D4AC}.Ad-Hoc|ARM.ActiveCfg = Release|Any CPU
		{AEF31661-37D9-44CA-862D-3FEA4296D4AC}.Ad-Hoc|ARM.Build.0 = Release|Any CPU
		{AEF31661-37D9-44CA-862D-3FEA4296D4AC}.Ad-Hoc|iPhone.ActiveCfg = Release|Any CPU
		{AEF31661-37D9-44CA-862D-3FEA4296D4AC}.Ad-Hoc|iPhone.Build.0 = Release|Any CPU
		{AEF31661-37D9-44CA-862D-3FEA4296D4AC}.Ad-Hoc|iPhoneSimulator.ActiveCfg = Release|Any CPU
		{AEF31661-37D9-44CA-862D-3FEA4296D4AC}.Ad-Hoc|iPhoneSimulator.Build.0 = Release|Any CPU
		{AEF31661-37D9-44CA-862D-3FEA4296D4AC}.Ad-Hoc|x64.ActiveCfg = Release|Any CPU
		{AEF31661-37D9-44CA-862D-3FEA4296D4AC}.Ad-Hoc|x64.Build.0 = Release|Any CPU
		{AEF31661-37D9-44CA-862D-3FEA4296D4AC}.Ad-Hoc|x86.ActiveCfg = Release|Any CPU
		{AEF31661-37D9-44CA-862D-3FEA4296D4AC}.Ad-Hoc|x86.Build.0 = Release|Any CPU
		{AEF31661-37D9-44CA-862D-3FEA4296D4AC}.AppStore|Any CPU.ActiveCfg = Release|Any CPU
		{AEF31661-37D9-44CA-862D-3FEA4296D4AC}.AppStore|Any CPU.Build.0 = Release|Any CPU
		{AEF31661-37D9-44CA-862D-3FEA4296D4AC}.AppStore|ARM.ActiveCfg = Release|Any CPU
		{AEF31661-37D9-44CA-862D-3FEA4296D4AC}.AppStore|ARM.Build.0 = Release|Any CPU
		{AEF31661-37D9-44CA-862D-3FEA4296D4AC}.AppStore|iPhone.ActiveCfg = Release|Any CPU
		{AEF31661-37D9-44CA-862D-3FEA4296D4AC}.AppStore|iPhone.Build.0 = Release|Any CPU
		{AEF31661-37D9-44CA-862D-3FEA4296D4AC}.AppStore|iPhoneSimulator.ActiveCfg = Release|Any CPU
		{AEF31661-37D9-44CA-862D-3FEA4296D4AC}.AppStore|iPhoneSimulator.Build.0 = Release|Any CPU
		{AEF31661-37D9-44CA-862D-3FEA4296D4AC}.AppStore|x64.ActiveCfg = Release|Any CPU
		{AEF31661-37D9-44CA-862D-3FEA4296D4AC}.AppStore|x64.Build.0 = Release|Any CPU
		{AEF31661-37D9-44CA-862D-3FEA4296D4AC}.AppStore|x86.ActiveCfg = Release|Any CPU
		{AEF31661-37D9-44CA-862D-3FEA4296D4AC}.AppStore|x86.Build.0 = Release|Any CPU
		{AEF31661-37D9-44CA-862D-3FEA4296D4AC}.Debug|Any CPU.ActiveCfg = Debug|Any CPU
		{AEF31661-37D9-44CA-862D-3FEA4296D4AC}.Debug|Any CPU.Build.0 = Debug|Any CPU
		{AEF31661-37D9-44CA-862D-3FEA4296D4AC}.Debug|ARM.ActiveCfg = Debug|Any CPU
		{AEF31661-37D9-44CA-862D-3FEA4296D4AC}.Debug|ARM.Build.0 = Debug|Any CPU
		{AEF31661-37D9-44CA-862D-3FEA4296D4AC}.Debug|iPhone.ActiveCfg = Debug|Any CPU
		{AEF31661-37D9-44CA-862D-3FEA4296D4AC}.Debug|iPhone.Build.0 = Debug|Any CPU
		{AEF31661-37D9-44CA-862D-3FEA4296D4AC}.Debug|iPhoneSimulator.ActiveCfg = Debug|Any CPU
		{AEF31661-37D9-44CA-862D-3FEA4296D4AC}.Debug|iPhoneSimulator.Build.0 = Debug|Any CPU
		{AEF31661-37D9-44CA-862D-3FEA4296D4AC}.Debug|x64.ActiveCfg = Debug|Any CPU
		{AEF31661-37D9-44CA-862D-3FEA4296D4AC}.Debug|x64.Build.0 = Debug|Any CPU
		{AEF31661-37D9-44CA-862D-3FEA4296D4AC}.Debug|x86.ActiveCfg = Debug|Any CPU
		{AEF31661-37D9-44CA-862D-3FEA4296D4AC}.Debug|x86.Build.0 = Debug|Any CPU
		{AEF31661-37D9-44CA-862D-3FEA4296D4AC}.Release|Any CPU.ActiveCfg = Release|Any CPU
		{AEF31661-37D9-44CA-862D-3FEA4296D4AC}.Release|Any CPU.Build.0 = Release|Any CPU
		{AEF31661-37D9-44CA-862D-3FEA4296D4AC}.Release|ARM.ActiveCfg = Release|Any CPU
		{AEF31661-37D9-44CA-862D-3FEA4296D4AC}.Release|ARM.Build.0 = Release|Any CPU
		{AEF31661-37D9-44CA-862D-3FEA4296D4AC}.Release|iPhone.ActiveCfg = Release|Any CPU
		{AEF31661-37D9-44CA-862D-3FEA4296D4AC}.Release|iPhone.Build.0 = Release|Any CPU
		{AEF31661-37D9-44CA-862D-3FEA4296D4AC}.Release|iPhoneSimulator.ActiveCfg = Release|Any CPU
		{AEF31661-37D9-44CA-862D-3FEA4296D4AC}.Release|iPhoneSimulator.Build.0 = Release|Any CPU
		{AEF31661-37D9-44CA-862D-3FEA4296D4AC}.Release|x64.ActiveCfg = Release|Any CPU
		{AEF31661-37D9-44CA-862D-3FEA4296D4AC}.Release|x64.Build.0 = Release|Any CPU
		{AEF31661-37D9-44CA-862D-3FEA4296D4AC}.Release|x86.ActiveCfg = Release|Any CPU
		{AEF31661-37D9-44CA-862D-3FEA4296D4AC}.Release|x86.Build.0 = Release|Any CPU
		{6ACEB59F-3197-49DC-B2D0-A317DE64FE07}.Ad-Hoc|Any CPU.ActiveCfg = Release|x86
		{6ACEB59F-3197-49DC-B2D0-A317DE64FE07}.Ad-Hoc|Any CPU.Build.0 = Release|x86
		{6ACEB59F-3197-49DC-B2D0-A317DE64FE07}.Ad-Hoc|Any CPU.Deploy.0 = Release|x86
		{6ACEB59F-3197-49DC-B2D0-A317DE64FE07}.Ad-Hoc|ARM.ActiveCfg = Release|ARM
		{6ACEB59F-3197-49DC-B2D0-A317DE64FE07}.Ad-Hoc|ARM.Build.0 = Release|ARM
		{6ACEB59F-3197-49DC-B2D0-A317DE64FE07}.Ad-Hoc|ARM.Deploy.0 = Release|ARM
		{6ACEB59F-3197-49DC-B2D0-A317DE64FE07}.Ad-Hoc|iPhone.ActiveCfg = Release|x86
		{6ACEB59F-3197-49DC-B2D0-A317DE64FE07}.Ad-Hoc|iPhone.Build.0 = Release|x86
		{6ACEB59F-3197-49DC-B2D0-A317DE64FE07}.Ad-Hoc|iPhone.Deploy.0 = Release|x86
		{6ACEB59F-3197-49DC-B2D0-A317DE64FE07}.Ad-Hoc|iPhoneSimulator.ActiveCfg = Release|x86
		{6ACEB59F-3197-49DC-B2D0-A317DE64FE07}.Ad-Hoc|iPhoneSimulator.Build.0 = Release|x86
		{6ACEB59F-3197-49DC-B2D0-A317DE64FE07}.Ad-Hoc|iPhoneSimulator.Deploy.0 = Release|x86
		{6ACEB59F-3197-49DC-B2D0-A317DE64FE07}.Ad-Hoc|x64.ActiveCfg = Release|x64
		{6ACEB59F-3197-49DC-B2D0-A317DE64FE07}.Ad-Hoc|x64.Build.0 = Release|x64
		{6ACEB59F-3197-49DC-B2D0-A317DE64FE07}.Ad-Hoc|x64.Deploy.0 = Release|x64
		{6ACEB59F-3197-49DC-B2D0-A317DE64FE07}.Ad-Hoc|x86.ActiveCfg = Release|x86
		{6ACEB59F-3197-49DC-B2D0-A317DE64FE07}.Ad-Hoc|x86.Build.0 = Release|x86
		{6ACEB59F-3197-49DC-B2D0-A317DE64FE07}.Ad-Hoc|x86.Deploy.0 = Release|x86
		{6ACEB59F-3197-49DC-B2D0-A317DE64FE07}.AppStore|Any CPU.ActiveCfg = Release|x86
		{6ACEB59F-3197-49DC-B2D0-A317DE64FE07}.AppStore|Any CPU.Build.0 = Release|x86
		{6ACEB59F-3197-49DC-B2D0-A317DE64FE07}.AppStore|Any CPU.Deploy.0 = Release|x86
		{6ACEB59F-3197-49DC-B2D0-A317DE64FE07}.AppStore|ARM.ActiveCfg = Release|ARM
		{6ACEB59F-3197-49DC-B2D0-A317DE64FE07}.AppStore|ARM.Build.0 = Release|ARM
		{6ACEB59F-3197-49DC-B2D0-A317DE64FE07}.AppStore|ARM.Deploy.0 = Release|ARM
		{6ACEB59F-3197-49DC-B2D0-A317DE64FE07}.AppStore|iPhone.ActiveCfg = Release|x86
		{6ACEB59F-3197-49DC-B2D0-A317DE64FE07}.AppStore|iPhone.Build.0 = Release|x86
		{6ACEB59F-3197-49DC-B2D0-A317DE64FE07}.AppStore|iPhone.Deploy.0 = Release|x86
		{6ACEB59F-3197-49DC-B2D0-A317DE64FE07}.AppStore|iPhoneSimulator.ActiveCfg = Release|x86
		{6ACEB59F-3197-49DC-B2D0-A317DE64FE07}.AppStore|iPhoneSimulator.Build.0 = Release|x86
		{6ACEB59F-3197-49DC-B2D0-A317DE64FE07}.AppStore|iPhoneSimulator.Deploy.0 = Release|x86
		{6ACEB59F-3197-49DC-B2D0-A317DE64FE07}.AppStore|x64.ActiveCfg = Release|x64
		{6ACEB59F-3197-49DC-B2D0-A317DE64FE07}.AppStore|x64.Build.0 = Release|x64
		{6ACEB59F-3197-49DC-B2D0-A317DE64FE07}.AppStore|x64.Deploy.0 = Release|x64
		{6ACEB59F-3197-49DC-B2D0-A317DE64FE07}.AppStore|x86.ActiveCfg = Release|x86
		{6ACEB59F-3197-49DC-B2D0-A317DE64FE07}.AppStore|x86.Build.0 = Release|x86
		{6ACEB59F-3197-49DC-B2D0-A317DE64FE07}.AppStore|x86.Deploy.0 = Release|x86
		{6ACEB59F-3197-49DC-B2D0-A317DE64FE07}.Debug|Any CPU.ActiveCfg = Debug|x86
		{6ACEB59F-3197-49DC-B2D0-A317DE64FE07}.Debug|ARM.ActiveCfg = Debug|ARM
		{6ACEB59F-3197-49DC-B2D0-A317DE64FE07}.Debug|ARM.Build.0 = Debug|ARM
		{6ACEB59F-3197-49DC-B2D0-A317DE64FE07}.Debug|ARM.Deploy.0 = Debug|ARM
		{6ACEB59F-3197-49DC-B2D0-A317DE64FE07}.Debug|iPhone.ActiveCfg = Debug|x86
		{6ACEB59F-3197-49DC-B2D0-A317DE64FE07}.Debug|iPhoneSimulator.ActiveCfg = Debug|x86
		{6ACEB59F-3197-49DC-B2D0-A317DE64FE07}.Debug|x64.ActiveCfg = Debug|x64
		{6ACEB59F-3197-49DC-B2D0-A317DE64FE07}.Debug|x64.Build.0 = Debug|x64
		{6ACEB59F-3197-49DC-B2D0-A317DE64FE07}.Debug|x64.Deploy.0 = Debug|x64
		{6ACEB59F-3197-49DC-B2D0-A317DE64FE07}.Debug|x86.ActiveCfg = Debug|x86
		{6ACEB59F-3197-49DC-B2D0-A317DE64FE07}.Debug|x86.Build.0 = Debug|x86
		{6ACEB59F-3197-49DC-B2D0-A317DE64FE07}.Debug|x86.Deploy.0 = Debug|x86
		{6ACEB59F-3197-49DC-B2D0-A317DE64FE07}.Release|Any CPU.ActiveCfg = Release|x86
		{6ACEB59F-3197-49DC-B2D0-A317DE64FE07}.Release|ARM.ActiveCfg = Release|ARM
		{6ACEB59F-3197-49DC-B2D0-A317DE64FE07}.Release|ARM.Build.0 = Release|ARM
		{6ACEB59F-3197-49DC-B2D0-A317DE64FE07}.Release|ARM.Deploy.0 = Release|ARM
		{6ACEB59F-3197-49DC-B2D0-A317DE64FE07}.Release|iPhone.ActiveCfg = Release|x86
		{6ACEB59F-3197-49DC-B2D0-A317DE64FE07}.Release|iPhoneSimulator.ActiveCfg = Release|x86
		{6ACEB59F-3197-49DC-B2D0-A317DE64FE07}.Release|x64.ActiveCfg = Release|x64
		{6ACEB59F-3197-49DC-B2D0-A317DE64FE07}.Release|x64.Build.0 = Release|x64
		{6ACEB59F-3197-49DC-B2D0-A317DE64FE07}.Release|x64.Deploy.0 = Release|x64
		{6ACEB59F-3197-49DC-B2D0-A317DE64FE07}.Release|x86.ActiveCfg = Release|x86
		{6ACEB59F-3197-49DC-B2D0-A317DE64FE07}.Release|x86.Build.0 = Release|x86
		{6ACEB59F-3197-49DC-B2D0-A317DE64FE07}.Release|x86.Deploy.0 = Release|x86
		{BFE10300-788F-46B1-A707-4CD725A8682D}.Ad-Hoc|Any CPU.ActiveCfg = Ad-Hoc|iPhone
		{BFE10300-788F-46B1-A707-4CD725A8682D}.Ad-Hoc|ARM.ActiveCfg = Ad-Hoc|iPhone
		{BFE10300-788F-46B1-A707-4CD725A8682D}.Ad-Hoc|iPhone.ActiveCfg = Ad-Hoc|iPhone
		{BFE10300-788F-46B1-A707-4CD725A8682D}.Ad-Hoc|iPhone.Build.0 = Ad-Hoc|iPhone
		{BFE10300-788F-46B1-A707-4CD725A8682D}.Ad-Hoc|iPhoneSimulator.ActiveCfg = Ad-Hoc|iPhoneSimulator
		{BFE10300-788F-46B1-A707-4CD725A8682D}.Ad-Hoc|iPhoneSimulator.Build.0 = Ad-Hoc|iPhoneSimulator
		{BFE10300-788F-46B1-A707-4CD725A8682D}.Ad-Hoc|x64.ActiveCfg = Ad-Hoc|iPhone
		{BFE10300-788F-46B1-A707-4CD725A8682D}.Ad-Hoc|x86.ActiveCfg = Ad-Hoc|iPhone
		{BFE10300-788F-46B1-A707-4CD725A8682D}.AppStore|Any CPU.ActiveCfg = AppStore|iPhone
		{BFE10300-788F-46B1-A707-4CD725A8682D}.AppStore|ARM.ActiveCfg = AppStore|iPhone
		{BFE10300-788F-46B1-A707-4CD725A8682D}.AppStore|iPhone.ActiveCfg = AppStore|iPhone
		{BFE10300-788F-46B1-A707-4CD725A8682D}.AppStore|iPhone.Build.0 = AppStore|iPhone
		{BFE10300-788F-46B1-A707-4CD725A8682D}.AppStore|iPhoneSimulator.ActiveCfg = AppStore|iPhoneSimulator
		{BFE10300-788F-46B1-A707-4CD725A8682D}.AppStore|iPhoneSimulator.Build.0 = AppStore|iPhoneSimulator
		{BFE10300-788F-46B1-A707-4CD725A8682D}.AppStore|x64.ActiveCfg = AppStore|iPhone
		{BFE10300-788F-46B1-A707-4CD725A8682D}.AppStore|x86.ActiveCfg = AppStore|iPhone
		{BFE10300-788F-46B1-A707-4CD725A8682D}.Debug|Any CPU.ActiveCfg = Debug|iPhone
		{BFE10300-788F-46B1-A707-4CD725A8682D}.Debug|ARM.ActiveCfg = Debug|iPhone
		{BFE10300-788F-46B1-A707-4CD725A8682D}.Debug|iPhone.ActiveCfg = Debug|iPhone
		{BFE10300-788F-46B1-A707-4CD725A8682D}.Debug|iPhone.Build.0 = Debug|iPhone
		{BFE10300-788F-46B1-A707-4CD725A8682D}.Debug|iPhoneSimulator.ActiveCfg = Debug|iPhoneSimulator
		{BFE10300-788F-46B1-A707-4CD725A8682D}.Debug|iPhoneSimulator.Build.0 = Debug|iPhoneSimulator
		{BFE10300-788F-46B1-A707-4CD725A8682D}.Debug|x64.ActiveCfg = Debug|iPhone
		{BFE10300-788F-46B1-A707-4CD725A8682D}.Debug|x86.ActiveCfg = Debug|iPhone
		{BFE10300-788F-46B1-A707-4CD725A8682D}.Release|Any CPU.ActiveCfg = Release|iPhone
		{BFE10300-788F-46B1-A707-4CD725A8682D}.Release|ARM.ActiveCfg = Release|iPhone
		{BFE10300-788F-46B1-A707-4CD725A8682D}.Release|iPhone.ActiveCfg = Release|iPhone
		{BFE10300-788F-46B1-A707-4CD725A8682D}.Release|iPhone.Build.0 = Release|iPhone
		{BFE10300-788F-46B1-A707-4CD725A8682D}.Release|iPhoneSimulator.ActiveCfg = Release|iPhoneSimulator
		{BFE10300-788F-46B1-A707-4CD725A8682D}.Release|iPhoneSimulator.Build.0 = Release|iPhoneSimulator
		{BFE10300-788F-46B1-A707-4CD725A8682D}.Release|x64.ActiveCfg = Release|iPhone
		{BFE10300-788F-46B1-A707-4CD725A8682D}.Release|x86.ActiveCfg = Release|iPhone
	EndGlobalSection
	GlobalSection(SolutionProperties) = preSolution
		HideSolutionNode = FALSE
	EndGlobalSection
	GlobalSection(ExtensibilityGlobals) = postSolution
		SolutionGuid = {531650F5-D98A-4E67-985D-31C0BA665562}
	EndGlobalSection
EndGlobal
